
Microsoft Visual Studio Solution File, Format Version 12.00
# Visual Studio Version 17
VisualStudioVersion = 17.12.35506.116 d17.12
MinimumVisualStudioVersion = 10.0.40219.1
Project("{54A90642-561A-4BB1-A94E-469ADEE60C69}") = "wbstoolui", "WBStoolUI\wbstoolui.esproj", "{7076BD54-3BBF-435C-8320-9F8CCA8253DF}"
EndProject
Global
	GlobalSection(SolutionConfigurationPlatforms) = preSolution
		Debug|Any CPU = Debug|Any CPU
		Release|Any CPU = Release|Any CPU
	EndGlobalSection
	GlobalSection(ProjectConfigurationPlatforms) = postSolution
		{7076BD54-3BBF-435C-8320-9F8CCA8253DF}.Debug|Any CPU.ActiveCfg = Debug|Any CPU
		{7076BD54-3BBF-435C-8320-9F8CCA8253DF}.Debug|Any CPU.Build.0 = Debug|Any CPU
		{7076BD54-3BBF-435C-8320-9F8CCA8253DF}.Debug|Any CPU.Deploy.0 = Debug|Any CPU
		{7076BD54-3BBF-435C-8320-9F8CCA8253DF}.Release|Any CPU.ActiveCfg = Release|Any CPU
		{7076BD54-3BBF-435C-8320-9F8CCA8253DF}.Release|Any CPU.Build.0 = Release|Any CPU
		{7076BD54-3BBF-435C-8320-9F8CCA8253DF}.Release|Any CPU.Deploy.0 = Release|Any CPU
	EndGlobalSection
	GlobalSection(SolutionProperties) = preSolution
		HideSolutionNode = FALSE
	EndGlobalSection
EndGlobal
